Microsoft Visual Studio Solution File, Format Version 12.00
# Visual Studio 2012
Project("{FAE04EC0-301F-11D3-BF4B-00C04F79EFBC}") = "New Game Project", "New Game Project.csproj", "{EC5D99CC-097F-4834-A468-4CEC76CE539C}"
EndProject
Global
	GlobalSection(SolutionConfigurationPlatforms) = preSolution
	Debug|Any CPU = Debug|Any CPU
	ExportDebug|Any CPU = ExportDebug|Any CPU
	ExportRelease|Any CPU = ExportRelease|Any CPU
	EndGlobalSection
	GlobalSection(ProjectConfigurationPlatforms) = postSolution
		{EC5D99CC-097F-4834-A468-4CEC76CE539C}.Debug|Any CPU.ActiveCfg = Debug|Any CPU
		{EC5D99CC-097F-4834-A468-4CEC76CE539C}.Debug|Any CPU.Build.0 = Debug|Any CPU
		{EC5D99CC-097F-4834-A468-4CEC76CE539C}.ExportDebug|Any CPU.ActiveCfg = ExportDebug|Any CPU
		{EC5D99CC-097F-4834-A468-4CEC76CE539C}.ExportDebug|Any CPU.Build.0 = ExportDebug|Any CPU
		{EC5D99CC-097F-4834-A468-4CEC76CE539C}.ExportRelease|Any CPU.ActiveCfg = ExportRelease|Any CPU
		{EC5D99CC-097F-4834-A468-4CEC76CE539C}.ExportRelease|Any CPU.Build.0 = ExportRelease|Any CPU
	EndGlobalSection
EndGlobal
